
Microsoft Visual Studio Solution File, Format Version 12.00
# Visual Studio Version 17
VisualStudioVersion = 17.4.33205.214
MinimumVisualStudioVersion = 10.0.40219.1
Project("{FAE04EC0-301F-11D3-BF4B-00C04F79EFBC}") = "01-ComandosCondicionais", "01-ComandosCondicionais\01-ComandosCondicionais.csproj", "{907860D7-05A6-48B3-BC3A-9592B2F34D3A}"
EndProject
Project("{FAE04EC0-301F-11D3-BF4B-00C04F79EFBC}") = "02-comandoRepeticao_While", "02-comandoRepeticao_While\02-comandoRepeticao_While.csproj", "{4102218E-5307-414C-B270-CD284F48AA5F}"
EndProject
Project("{FAE04EC0-301F-11D3-BF4B-00C04F79EFBC}") = "Exe01", "Exe01\Exe01.csproj", "{0387F26B-28C0-4AD3-B89B-EBED4DD6C9BD}"
EndProject
Global
	GlobalSection(SolutionConfigurationPlatforms) = preSolution
		Debug|Any CPU = Debug|Any CPU
		Release|Any CPU = Release|Any CPU
	EndGlobalSection
	GlobalSection(ProjectConfigurationPlatforms) = postSolution
		{907860D7-05A6-48B3-BC3A-9592B2F34D3A}.Debug|Any CPU.ActiveCfg = Debug|Any CPU
		{907860D7-05A6-48B3-BC3A-9592B2F34D3A}.Debug|Any CPU.Build.0 = Debug|Any CPU
		{907860D7-05A6-48B3-BC3A-9592B2F34D3A}.Release|Any CPU.ActiveCfg = Release|Any CPU
		{907860D7-05A6-48B3-BC3A-9592B2F34D3A}.Release|Any CPU.Build.0 = Release|Any CPU
		{4102218E-5307-414C-B270-CD284F48AA5F}.Debug|Any CPU.ActiveCfg = Debug|Any CPU
		{4102218E-5307-414C-B270-CD284F48AA5F}.Debug|Any CPU.Build.0 = Debug|Any CPU
		{4102218E-5307-414C-B270-CD284F48AA5F}.Release|Any CPU.ActiveCfg = Release|Any CPU
		{4102218E-5307-414C-B270-CD284F48AA5F}.Release|Any CPU.Build.0 = Release|Any CPU
		{0387F26B-28C0-4AD3-B89B-EBED4DD6C9BD}.Debug|Any CPU.ActiveCfg = Debug|Any CPU
		{0387F26B-28C0-4AD3-B89B-EBED4DD6C9BD}.Debug|Any CPU.Build.0 = Debug|Any CPU
		{0387F26B-28C0-4AD3-B89B-EBED4DD6C9BD}.Release|Any CPU.ActiveCfg = Release|Any CPU
		{0387F26B-28C0-4AD3-B89B-EBED4DD6C9BD}.Release|Any CPU.Build.0 = Release|Any CPU
	EndGlobalSection
	GlobalSection(SolutionProperties) = preSolution
		HideSolutionNode = FALSE
	EndGlobalSection
	GlobalSection(ExtensibilityGlobals) = postSolution
		SolutionGuid = {E8926E44-E72C-4508-93DE-83D10B805D98}
	EndGlobalSection
EndGlobal
